// !$*UTF8*$!
{
	archiveVersion = 1;
	classes = {
	};
	objectVersion = 56;
	objects = {

/* Begin PBXBuildFile section */
		322144582DC8D73C00CC83CB /* AppDelegate.swift in Sources */ = {isa = PBXBuildFile; fileRef = 322144572DC8D73C00CC83CB /* AppDelegate.swift */; };
		3221445A2DC8D73C00CC83CB /* SceneDelegate.swift in Sources */ = {isa = PBXBuildFile; fileRef = 322144592DC8D73C00CC83CB /* SceneDelegate.swift */; };
		3221445C2DC8D73C00CC83CB /* ViewController.swift in Sources */ = {isa = PBXBuildFile; fileRef = 3221445B2DC8D73C00CC83CB /* ViewController.swift */; };
		3221445F2DC8D73C00CC83CB /* Main.storyboard in Resources */ = {isa = PBXBuildFile; fileRef = 3221445D2DC8D73C00CC83CB /* Main.storyboard */; };
		322144612DC8D73E00CC83CB /* Assets.xcassets in Resources */ = {isa = PBXBuildFile; fileRef = 322144602DC8D73E00CC83CB /* Assets.xcassets */; };
		322144642DC8D73E00CC83CB /* LaunchScreen.storyboard in Resources */ = {isa = PBXBuildFile; fileRef = 322144622DC8D73E00CC83CB /* LaunchScreen.storyboard */; };
		C5FA9754F015A88AC30A58D9 /* Pods_GooglePlacesApi.framework in Frameworks */ = {isa = PBXBuildFile; fileRef = 219C0D8319DFBCE00A3E3028 /* Pods_GooglePlacesApi.framework */; };
/* End PBXBuildFile section */

/* Begin PBXFileReference section */
		219C0D8319DFBCE00A3E3028 /* Pods_GooglePlacesApi.framework */ = {isa = PBXFileReference; explicitFileType = wrapper.framework; includeInIndex = 0; path = Pods_GooglePlacesApi.framework; sourceTree = BUILT_PRODUCTS_DIR; };
		2A51DE88256A74FD516366B2 /* Pods-GooglePlacesApi.release.xcconfig */ = {isa = PBXFileReference; includeInIndex = 1; lastKnownFileType = text.xcconfig; name = "Pods-GooglePlacesApi.release.xcconfig"; path = "Target Support Files/Pods-GooglePlacesApi/Pods-GooglePlacesApi.release.xcconfig"; sourceTree = "<group>"; };
		322144542DC8D73C00CC83CB /* GooglePlacesApi.app */ = {isa = PBXFileReference; explicitFileType = wrapper.application; includeInIndex = 0; path = GooglePlacesApi.app; sourceTree = BUILT_PRODUCTS_DIR; };
		322144572DC8D73C00CC83CB /* AppDelegate.swift */ = {isa = PBXFileReference; lastKnownFileType = sourcecode.swift; path = AppDelegate.swift; sourceTree = "<group>"; };
		322144592DC8D73C00CC83CB /* SceneDelegate.swift */ = {isa = PBXFileReference; lastKnownFileType = sourcecode.swift; path = SceneDelegate.swift; sourceTree = "<group>"; };
		3221445B2DC8D73C00CC83CB /* ViewController.swift */ = {isa = PBXFileReference; lastKnownFileType = sourcecode.swift; path = ViewController.swift; sourceTree = "<group>"; };
		3221445E2DC8D73C00CC83CB /* Base */ = {isa = PBXFileReference; lastKnownFileType = file.storyboard; name = Base; path = Base.lproj/Main.storyboard; sourceTree = "<group>"; };
		322144602DC8D73E00CC83CB /* Assets.xcassets */ = {isa = PBXFileReference; lastKnownFileType = folder.assetcatalog; path = Assets.xcassets; sourceTree = "<group>"; };
		322144632DC8D73E00CC83CB /* Base */ = {isa = PBXFileReference; lastKnownFileType = file.storyboard; name = Base; path = Base.lproj/LaunchScreen.storyboard; sourceTree = "<group>"; };
		322144652DC8D73E00CC83CB /* Info.plist */ = {isa = PBXFileReference; lastKnownFileType = text.plist.xml; path = Info.plist; sourceTree = "<group>"; };
		A1B68070EE5DDEBF0280A076 /* Pods-GooglePlacesApi.debug.xcconfig */ = {isa = PBXFileReference; includeInIndex = 1; lastKnownFileType = text.xcconfig; name = "Pods-GooglePlacesApi.debug.xcconfig"; path = "Target Support Files/Pods-GooglePlacesApi/Pods-GooglePlacesApi.debug.xcconfig"; sourceTree = "<group>"; };
/* End PBXFileReference section */

/* Begin PBXFrameworksBuildPhase section */
		322144512DC8D73C00CC83CB /* Frameworks */ = {
			isa = PBXFrameworksBuildPhase;
			buildActionMask = 2147483647;
			files = (
				C5FA9754F015A88AC30A58D9 /* Pods_GooglePlacesApi.framework in Frameworks */,
			);
			runOnlyForDeploymentPostprocessing = 0;
		};
/* End PBXFrameworksBuildPhase section */

/* Begin PBXGroup section */
		3221444B2DC8D73C00CC83CB = {
			isa = PBXGroup;
			children = (
				322144562DC8D73C00CC83CB /* GooglePlacesApi */,
				322144552DC8D73C00CC83CB /* Products */,
				7645296A8B4BAA3288967651 /* Pods */,
				D1F48BB14443FB62B0CEB82F /* Frameworks */,
			);
			sourceTree = "<group>";
		};
		322144552DC8D73C00CC83CB /* Products */ = {
			isa = PBXGroup;
			children = (
				322144542DC8D73C00CC83CB /* GooglePlacesApi.app */,
			);
			name = Products;
			sourceTree = "<group>";
		};
		322144562DC8D73C00CC83CB /* GooglePlacesApi */ = {
			isa = PBXGroup;
			children = (
				322144572DC8D73C00CC83CB /* AppDelegate.swift */,
				322144592DC8D73C00CC83CB /* SceneDelegate.swift */,
				3221445B2DC8D73C00CC83CB /* ViewController.swift */,
				3221445D2DC8D73C00CC83CB /* Main.storyboard */,
				322144602DC8D73E00CC83CB /* Assets.xcassets */,
				322144622DC8D73E00CC83CB /* LaunchScreen.storyboard */,
				322144652DC8D73E00CC83CB /* Info.plist */,
			);
			path = GooglePlacesApi;
			sourceTree = "<group>";
		};
		7645296A8B4BAA3288967651 /* Pods */ = {
			isa = PBXGroup;
			children = (
				A1B68070EE5DDEBF0280A076 /* Pods-GooglePlacesApi.debug.xcconfig */,
				2A51DE88256A74FD516366B2 /* Pods-GooglePlacesApi.release.xcconfig */,
			);
			name = Pods;
			path = Pods;
			sourceTree = "<group>";
		};
		D1F48BB14443FB62B0CEB82F /* Frameworks */ = {
			isa = PBXGroup;
			children = (
				219C0D8319DFBCE00A3E3028 /* Pods_GooglePlacesApi.framework */,
			);
			name = Frameworks;
			sourceTree = "<group>";
		};
/* End PBXGroup section */

/* Begin PBXNativeTarget section */
		322144532DC8D73C00CC83CB /* GooglePlacesApi */ = {
			isa = PBXNativeTarget;
			buildConfigurationList = 322144682DC8D73E00CC83CB /* Build configuration list for PBXNativeTarget "GooglePlacesApi" */;
			buildPhases = (
				ECA75A309CD622E84D245A07 /* [CP] Check Pods Manifest.lock */,
				322144502DC8D73C00CC83CB /* Sources */,
				322144512DC8D73C00CC83CB /* Frameworks */,
				322144522DC8D73C00CC83CB /* Resources */,
				36976E1273A30385EC3D1713 /* [CP] Copy Pods Resources */,
			);
			buildRules = (
			);
			dependencies = (
			);
			name = GooglePlacesApi;
			productName = GooglePlacesApi;
			productReference = 322144542DC8D73C00CC83CB /* GooglePlacesApi.app */;
			productType = "com.apple.product-type.application";
		};
/* End PBXNativeTarget section */

/* Begin PBXProject section */
		3221444C2DC8D73C00CC83CB /* Project object */ = {
			isa = PBXProject;
			attributes = {
				BuildIndependentTargetsInParallel = 1;
				LastSwiftUpdateCheck = 1420;
				LastUpgradeCheck = 1420;
				TargetAttributes = {
					322144532DC8D73C00CC83CB = {
						CreatedOnToolsVersion = 14.2;
					};
				};
			};
			buildConfigurationList = 3221444F2DC8D73C00CC83CB /* Build configuration list for PBXProject "GooglePlacesApi" */;
			compatibilityVersion = "Xcode 14.0";
			developmentRegion = en;
			hasScannedForEncodings = 0;
			knownRegions = (
				en,
				Base,
			);
			mainGroup = 3221444B2DC8D73C00CC83CB;
			productRefGroup = 322144552DC8D73C00CC83CB /* Products */;
			projectDirPath = "";
			projectRoot = "";
			targets = (
				322144532DC8D73C00CC83CB /* GooglePlacesApi */,
			);
		};
/* End PBXProject section */

/* Begin PBXResourcesBuildPhase section */
		322144522DC8D73C00CC83CB /* Resources */ = {
			isa = PBXResourcesBuildPhase;
			buildActionMask = 2147483647;
			files = (
				322144642DC8D73E00CC83CB /* LaunchScreen.storyboard in Resources */,
				322144612DC8D73E00CC83CB /* Assets.xcassets in Resources */,
				3221445F2DC8D73C00CC83CB /* Main.storyboard in Resources */,
			);
			runOnlyForDeploymentPostprocessing = 0;
		};
/* End PBXResourcesBuildPhase section */

/* Begin PBXShellScriptBuildPhase section */
		36976E1273A30385EC3D1713 /* [CP] Copy Pods Resources */ = {
			isa = PBXShellScriptBuildPhase;
			buildActionMask = 2147483647;
			files = (
			);
			inputFileListPaths = (
				"${PODS_ROOT}/Target Support Files/Pods-GooglePlacesApi/Pods-GooglePlacesApi-resources-${CONFIGURATION}-input-files.xcfilelist",
			);
			name = "[CP] Copy Pods Resources";
			outputFileListPaths = (
				"${PODS_ROOT}/Target Support Files/Pods-GooglePlacesApi/Pods-GooglePlacesApi-resources-${CONFIGURATION}-output-files.xcfilelist",
			);
			runOnlyForDeploymentPostprocessing = 0;
			shellPath = /bin/sh;
			shellScript = "\"${PODS_ROOT}/Target Support Files/Pods-GooglePlacesApi/Pods-GooglePlacesApi-resources.sh\"\n";
			showEnvVarsInLog = 0;
		};
		ECA75A309CD622E84D245A07 /* [CP] Check Pods Manifest.lock */ = {
			isa = PBXShellScriptBuildPhase;
			buildActionMask = 2147483647;
			files = (
			);
			inputFileListPaths = (
			);
			inputPaths = (
				"${PODS_PODFILE_DIR_PATH}/Podfile.lock",
				"${PODS_ROOT}/Manifest.lock",
			);
			name = "[CP] Check Pods Manifest.lock";
			outputFileListPaths = (
			);
			outputPaths = (
				"$(DERIVED_FILE_DIR)/Pods-GooglePlacesApi-checkManifestLockResult.txt",
			);
			runOnlyForDeploymentPostprocessing = 0;
			shellPath = /bin/sh;
			shellScript = "diff \"${PODS_PODFILE_DIR_PATH}/Podfile.lock\" \"${PODS_ROOT}/Manifest.lock\" > /dev/null\nif [ $? != 0 ] ; then\n    # print error to STDERR\n    echo \"error: The sandbox is not in sync with the Podfile.lock. Run 'pod install' or update your CocoaPods installation.\" >&2\n    exit 1\nfi\n# This output is used by Xcode 'outputs' to avoid re-running this script phase.\necho \"SUCCESS\" > \"${SCRIPT_OUTPUT_FILE_0}\"\n";
			showEnvVarsInLog = 0;
		};
/* End PBXShellScriptBuildPhase section */

/* Begin PBXSourcesBuildPhase section */
		322144502DC8D73C00CC83CB /* Sources */ = {
			isa = PBXSourcesBuildPhase;
			buildActionMask = 2147483647;
			files = (
				3221445C2DC8D73C00CC83CB /* ViewController.swift in Sources */,
				322144582DC8D73C00CC83CB /* AppDelegate.swift in Sources */,
				3221445A2DC8D73C00CC83CB /* SceneDelegate.swift in Sources */,
			);
			runOnlyForDeploymentPostprocessing = 0;
		};
/* End PBXSourcesBuildPhase section */

/* Begin PBXVariantGroup section */
		3221445D2DC8D73C00CC83CB /* Main.storyboard */ = {
			isa = PBXVariantGroup;
			children = (
				3221445E2DC8D73C00CC83CB /* Base */,
			);
			name = Main.storyboard;
			sourceTree = "<group>";
		};
		322144622DC8D73E00CC83CB /* LaunchScreen.storyboard */ = {
			isa = PBXVariantGroup;
			children = (
				322144632DC8D73E00CC83CB /* Base */,
			);
			name = LaunchScreen.storyboard;
			sourceTree = "<group>";
		};
/* End PBXVariantGroup section */

/* Begin XCBuildConfiguration section */
		322144662DC8D73E00CC83CB /* Debug */ = {
			isa = XCBuildConfiguration;
			buildSettings = {
				ALWAYS_SEARCH_USER_PATHS = NO;
				CLANG_ANALYZER_NONNULL = YES;
				CLANG_ANALYZER_NUMBER_OBJECT_CONVERSION = YES_AGGRESSIVE;
				CLANG_CXX_LANGUAGE_STANDARD = "gnu++20";
				CLANG_ENABLE_MODULES = YES;
				CLANG_ENABLE_OBJC_ARC = YES;
				CLANG_ENABLE_OBJC_WEAK = YES;
				CLANG_WARN_BLOCK_CAPTURE_AUTORELEASING = YES;
				CLANG_WARN_BOOL_CONVERSION = YES;
				CLANG_WARN_COMMA = YES;
				CLANG_WARN_CONSTANT_CONVERSION = YES;
				CLANG_WARN_DEPRECATED_OBJC_IMPLEMENTATIONS = YES;
				CLANG_WARN_DIRECT_OBJC_ISA_USAGE = YES_ERROR;
				CLANG_WARN_DOCUMENTATION_COMMENTS = YES;
				CLANG_WARN_EMPTY_BODY = YES;
				CLANG_WARN_ENUM_CONVERSION = YES;
				CLANG_WARN_INFINITE_RECURSION = YES;
				CLANG_WARN_INT_CONVERSION = YES;
				CLANG_WARN_NON_LITERAL_NULL_CONVERSION = YES;
				CLANG_WARN_OBJC_IMPLICIT_RETAIN_SELF = YES;
				CLANG_WARN_OBJC_LITERAL_CONVERSION = YES;
				CLANG_WARN_OBJC_ROOT_CLASS = YES_ERROR;
				CLANG_WARN_QUOTED_INCLUDE_IN_FRAMEWORK_HEADER = YES;
				CLANG_WARN_RANGE_LOOP_ANALYSIS = YES;
				CLANG_WARN_STRICT_PROTOTYPES = YES;
				CLANG_WARN_SUSPICIOUS_MOVE = YES;
				CLANG_WARN_UNGUARDED_AVAILABILITY = YES_AGGRESSIVE;
				CLANG_WARN_UNREACHABLE_CODE = YES;
				CLANG_WARN__DUPLICATE_METHOD_MATCH = YES;
				COPY_PHASE_STRIP = NO;
				DEBUG_INFORMATION_FORMAT = dwarf;
				ENABLE_STRICT_OBJC_MSGSEND = YES;
				ENABLE_TESTABILITY = YES;
				GCC_C_LANGUAGE_STANDARD = gnu11;
				GCC_DYNAMIC_NO_PIC = NO;
				GCC_NO_COMMON_BLOCKS = YES;
				GCC_OPTIMIZATION_LEVEL = 0;
				GCC_PREPROCESSOR_DEFINITIONS = (
					"DEBUG=1",
					"$(inherited)",
				);
				GCC_WARN_64_TO_32_BIT_CONVERSION = YES;
				GCC_WARN_ABOUT_RETURN_TYPE = YES_ERROR;
				GCC_WARN_UNDECLARED_SELECTOR = YES;
				GCC_WARN_UNINITIALIZED_AUTOS = YES_AGGRESSIVE;
				GCC_WARN_UNUSED_FUNCTION = YES;
				GCC_WARN_UNUSED_VARIABLE = YES;
				IPHONEOS_DEPLOYMENT_TARGET = 16.2;
				MTL_ENABLE_DEBUG_INFO = INCLUDE_SOURCE;
				MTL_FAST_MATH = YES;
				ONLY_ACTIVE_ARCH = YES;
				SDKROOT = iphoneos;
				SWIFT_ACTIVE_COMPILATION_CONDITIONS = DEBUG;
				SWIFT_OPTIMIZATION_LEVEL = "-Onone";
			};
			name = Debug;
		};
		322144672DC8D73E00CC83CB /* Release */ = {
			isa = XCBuildConfiguration;
			buildSettings = {
				ALWAYS_SEARCH_USER_PATHS = NO;
				CLANG_ANALYZER_NONNULL = YES;
				CLANG_ANALYZER_NUMBER_OBJECT_CONVERSION = YES_AGGRESSIVE;
				CLANG_CXX_LANGUAGE_STANDARD = "gnu++20";
				CLANG_ENABLE_MODULES = YES;
				CLANG_ENABLE_OBJC_ARC = YES;
				CLANG_ENABLE_OBJC_WEAK = YES;
				CLANG_WARN_BLOCK_CAPTURE_AUTORELEASING = YES;
				CLANG_WARN_BOOL_CONVERSION = YES;
				CLANG_WARN_COMMA = YES;
				CLANG_WARN_CONSTANT_CONVERSION = YES;
				CLANG_WARN_DEPRECATED_OBJC_IMPLEMENTATIONS = YES;
				CLANG_WARN_DIRECT_OBJC_ISA_USAGE = YES_ERROR;
				CLANG_WARN_DOCUMENTATION_COMMENTS = YES;
				CLANG_WARN_EMPTY_BODY = YES;
				CLANG_WARN_ENUM_CONVERSION = YES;
				CLANG_WARN_INFINITE_RECURSION = YES;
				CLANG_WARN_INT_CONVERSION = YES;
				CLANG_WARN_NON_LITERAL_NULL_CONVERSION = YES;
				CLANG_WARN_OBJC_IMPLICIT_RETAIN_SELF = YES;
				CLANG_WARN_OBJC_LITERAL_CONVERSION = YES;
				CLANG_WARN_OBJC_ROOT_CLASS = YES_ERROR;
				CLANG_WARN_QUOTED_INCLUDE_IN_FRAMEWORK_HEADER = YES;
				CLANG_WARN_RANGE_LOOP_ANALYSIS = YES;
				CLANG_WARN_STRICT_PROTOTYPES = YES;
				CLANG_WARN_SUSPICIOUS_MOVE = YES;
				CLANG_WARN_UNGUARDED_AVAILABILITY = YES_AGGRESSIVE;
				CLANG_WARN_UNREACHABLE_CODE = YES;
				CLANG_WARN__DUPLICATE_METHOD_MATCH = YES;
				COPY_PHASE_STRIP = NO;
				DEBUG_INFORMATION_FORMAT = "dwarf-with-dsym";
				ENABLE_NS_ASSERTIONS = NO;
				ENABLE_STRICT_OBJC_MSGSEND = YES;
				GCC_C_LANGUAGE_STANDARD = gnu11;
				GCC_NO_COMMON_BLOCKS = YES;
				GCC_WARN_64_TO_32_BIT_CONVERSION = YES;
				GCC_WARN_ABOUT_RETURN_TYPE = YES_ERROR;
				GCC_WARN_UNDECLARED_SELECTOR = YES;
				GCC_WARN_UNINITIALIZED_AUTOS = YES_AGGRESSIVE;
				GCC_WARN_UNUSED_FUNCTION = YES;
				GCC_WARN_UNUSED_VARIABLE = YES;
				IPHONEOS_DEPLOYMENT_TARGET = 16.2;
				MTL_ENABLE_DEBUG_INFO = NO;
				MTL_FAST_MATH = YES;
				SDKROOT = iphoneos;
				SWIFT_COMPILATION_MODE = wholemodule;
				SWIFT_OPTIMIZATION_LEVEL = "-O";
				VALIDATE_PRODUCT = YES;
			};
			name = Release;
		};
		322144692DC8D73E00CC83CB /* Debug */ = {
			isa = XCBuildConfiguration;
			baseConfigurationReference = A1B68070EE5DDEBF0280A076 /* Pods-GooglePlacesApi.debug.xcconfig */;
			buildSettings = {
				ASSETCATALOG_COMPILER_APPICON_NAME = AppIcon;
				ASSETCATALOG_COMPILER_GLOBAL_ACCENT_COLOR_NAME = AccentColor;
				CODE_SIGN_STYLE = Automatic;
				CURRENT_PROJECT_VERSION = 1;
				GENERATE_INFOPLIST_FILE = YES;
				INFOPLIST_FILE = GooglePlacesApi/Info.plist;
				INFOPLIST_KEY_UIApplicationSupportsIndirectInputEvents = YES;
				INFOPLIST_KEY_UILaunchStoryboardName = LaunchScreen;
				INFOPLIST_KEY_UIMainStoryboardFile = Main;
				INFOPLIST_KEY_UISupportedInterfaceOrientations_iPad = "UIInterfaceOrientationPortrait UIInterfaceOrientationPortraitUpsideDown UIInterfaceOrientationLandscapeLeft UIInterfaceOrientationLandscapeRight";
				INFOPLIST_KEY_UISupportedInterfaceOrientations_iPhone = "UIInterfaceOrientationPortrait UIInterfaceOrientationLandscapeLeft UIInterfaceOrientationLandscapeRight";
				LD_RUNPATH_SEARCH_PATHS = (
					"$(inherited)",
					"@executable_path/Frameworks",
				);
				MARKETING_VERSION = 1.0;
				PRODUCT_BUNDLE_IDENTIFIER = trakyauni.mobiluygulama.GooglePlacesApi;
				PRODUCT_NAME = "$(TARGET_NAME)";
				SWIFT_EMIT_LOC_STRINGS = YES;
				SWIFT_VERSION = 5.0;
				TARGETED_DEVICE_FAMILY = "1,2";
			};
			name = Debug;
		};
		3221446A2DC8D73E00CC83CB /* Release */ = {
			isa = XCBuildConfiguration;
			baseConfigurationReference = 2A51DE88256A74FD516366B2 /* Pods-GooglePlacesApi.release.xcconfig */;
			buildSettings = {
				ASSETCATALOG_COMPILER_APPICON_NAME = AppIcon;
				ASSETCATALOG_COMPILER_GLOBAL_ACCENT_COLOR_NAME = AccentColor;
				CODE_SIGN_STYLE = Automatic;
				CURRENT_PROJECT_VERSION = 1;
				GENERATE_INFOPLIST_FILE = YES;
				INFOPLIST_FILE = GooglePlacesApi/Info.plist;
				INFOPLIST_KEY_UIApplicationSupportsIndirectInputEvents = YES;
				INFOPLIST_KEY_UILaunchStoryboardName = LaunchScreen;
				INFOPLIST_KEY_UIMainStoryboardFile = Main;
				INFOPLIST_KEY_UISupportedInterfaceOrientations_iPad = "UIInterfaceOrientationPortrait UIInterfaceOrientationPortraitUpsideDown UIInterfaceOrientationLandscapeLeft UIInterfaceOrientationLandscapeRight";
				INFOPLIST_KEY_UISupportedInterfaceOrientations_iPhone = "UIInterfaceOrientationPortrait UIInterfaceOrientationLandscapeLeft UIInterfaceOrientationLandscapeRight";
				LD_RUNPATH_SEARCH_PATHS = (
					"$(inherited)",
					"@executable_path/Frameworks",
				);
				MARKETING_VERSION = 1.0;
				PRODUCT_BUNDLE_IDENTIFIER = trakyauni.mobiluygulama.GooglePlacesApi;
				PRODUCT_NAME = "$(TARGET_NAME)";
				SWIFT_EMIT_LOC_STRINGS = YES;
				SWIFT_VERSION = 5.0;
				TARGETED_DEVICE_FAMILY = "1,2";
			};
			name = Release;
		};
/* End XCBuildConfiguration section */

/* Begin XCConfigurationList section */
		3221444F2DC8D73C00CC83CB /* Build configuration list for PBXProject "GooglePlacesApi" */ = {
			isa = XCConfigurationList;
			buildConfigurations = (
				322144662DC8D73E00CC83CB /* Debug */,
				322144672DC8D73E00CC83CB /* Release */,
			);
			defaultConfigurationIsVisible = 0;
			defaultConfigurationName = Release;
		};
		322144682DC8D73E00CC83CB /* Build configuration list for PBXNativeTarget "GooglePlacesApi" */ = {
			isa = XCConfigurationList;
			buildConfigurations = (
				322144692DC8D73E00CC83CB /* Debug */,
				3221446A2DC8D73E00CC83CB /* Release */,
			);
			defaultConfigurationIsVisible = 0;
			defaultConfigurationName = Release;
		};
/* End XCConfigurationList section */
	};
	rootObject = 3221444C2DC8D73C00CC83CB /* Project object */;
}
